
Microsoft Visual Studio Solution File, Format Version 12.00
# Visual Studio 15
VisualStudioVersion = 15.0.26124.0
MinimumVisualStudioVersion = 15.0.26124.0
Project("{2150E333-8FDC-42A3-9474-1A3956D46DE8}") = "src", "src", "{2D6087AB-5041-4227-AFB2-B11E2C9D21E6}"
EndProject
Project("{FAE04EC0-301F-11D3-BF4B-00C04F79EFBC}") = "SimpleApi", "src\SimpleApi\SimpleApi.csproj", "{A5D3366D-E6B6-4347-869C-E7EF782497E2}"
EndProject
Project("{2150E333-8FDC-42A3-9474-1A3956D46DE8}") = "test", "test", "{88682265-21F8-4C3F-A680-F5208AC0C33E}"
EndProject
Project("{FAE04EC0-301F-11D3-BF4B-00C04F79EFBC}") = "SimpleApi.test", "test\SimpleApi.test\SimpleApi.test.csproj", "{C3E72153-7CF4-4F2B-8856-7D19E8308BEF}"
EndProject
Global
	GlobalSection(SolutionConfigurationPlatforms) = preSolution
		Debug|Any CPU = Debug|Any CPU
		Debug|x64 = Debug|x64
		Debug|x86 = Debug|x86
		Release|Any CPU = Release|Any CPU
		Release|x64 = Release|x64
		Release|x86 = Release|x86
	EndGlobalSection
	GlobalSection(SolutionProperties) = preSolution
		HideSolutionNode = FALSE
	EndGlobalSection
	GlobalSection(ProjectConfigurationPlatforms) = postSolution
		{A5D3366D-E6B6-4347-869C-E7EF782497E2}.Debug|Any CPU.ActiveCfg = Debug|Any CPU
		{A5D3366D-E6B6-4347-869C-E7EF782497E2}.Debug|Any CPU.Build.0 = Debug|Any CPU
		{A5D3366D-E6B6-4347-869C-E7EF782497E2}.Debug|x64.ActiveCfg = Debug|Any CPU
		{A5D3366D-E6B6-4347-869C-E7EF782497E2}.Debug|x64.Build.0 = Debug|Any CPU
		{A5D3366D-E6B6-4347-869C-E7EF782497E2}.Debug|x86.ActiveCfg = Debug|Any CPU
		{A5D3366D-E6B6-4347-869C-E7EF782497E2}.Debug|x86.Build.0 = Debug|Any CPU
		{A5D3366D-E6B6-4347-869C-E7EF782497E2}.Release|Any CPU.ActiveCfg = Release|Any CPU
		{A5D3366D-E6B6-4347-869C-E7EF782497E2}.Release|Any CPU.Build.0 = Release|Any CPU
		{A5D3366D-E6B6-4347-869C-E7EF782497E2}.Release|x64.ActiveCfg = Release|Any CPU
		{A5D3366D-E6B6-4347-869C-E7EF782497E2}.Release|x64.Build.0 = Release|Any CPU
		{A5D3366D-E6B6-4347-869C-E7EF782497E2}.Release|x86.ActiveCfg = Release|Any CPU
		{A5D3366D-E6B6-4347-869C-E7EF782497E2}.Release|x86.Build.0 = Release|Any CPU
		{C3E72153-7CF4-4F2B-8856-7D19E8308BEF}.Debug|Any CPU.ActiveCfg = Debug|Any CPU
		{C3E72153-7CF4-4F2B-8856-7D19E8308BEF}.Debug|Any CPU.Build.0 = Debug|Any CPU
		{C3E72153-7CF4-4F2B-8856-7D19E8308BEF}.Debug|x64.ActiveCfg = Debug|Any CPU
		{C3E72153-7CF4-4F2B-8856-7D19E8308BEF}.Debug|x64.Build.0 = Debug|Any CPU
		{C3E72153-7CF4-4F2B-8856-7D19E8308BEF}.Debug|x86.ActiveCfg = Debug|Any CPU
		{C3E72153-7CF4-4F2B-8856-7D19E8308BEF}.Debug|x86.Build.0 = Debug|Any CPU
		{C3E72153-7CF4-4F2B-8856-7D19E8308BEF}.Release|Any CPU.ActiveCfg = Release|Any CPU
		{C3E72153-7CF4-4F2B-8856-7D19E8308BEF}.Release|Any CPU.Build.0 = Release|Any CPU
		{C3E72153-7CF4-4F2B-8856-7D19E8308BEF}.Release|x64.ActiveCfg = Release|Any CPU
		{C3E72153-7CF4-4F2B-8856-7D19E8308BEF}.Release|x64.Build.0 = Release|Any CPU
		{C3E72153-7CF4-4F2B-8856-7D19E8308BEF}.Release|x86.ActiveCfg = Release|Any CPU
		{C3E72153-7CF4-4F2B-8856-7D19E8308BEF}.Release|x86.Build.0 = Release|Any CPU
	EndGlobalSection
	GlobalSection(NestedProjects) = preSolution
		{A5D3366D-E6B6-4347-869C-E7EF782497E2} = {2D6087AB-5041-4227-AFB2-B11E2C9D21E6}
		{C3E72153-7CF4-4F2B-8856-7D19E8308BEF} = {88682265-21F8-4C3F-A680-F5208AC0C33E}
	EndGlobalSection
EndGlobal
